
Microsoft Visual Studio Solution File, Format Version 12.00
# Visual Studio 15
VisualStudioVersion = 15.0.28010.2048
MinimumVisualStudioVersion = 10.0.40219.1
Project("{FAE04EC0-301F-11D3-BF4B-00C04F79EFBC}") = "UtilityControl", "UtilityControl\UtilityControl.csproj", "{AAB833E0-7BC1-49F9-9274-0B3C2E8B989F}"
EndProject
Project("{2150E333-8FDC-42A3-9474-1A3956D46DE8}") = "Solution Items", "Solution Items", "{9E217CF1-F05E-4403-AD6B-E0B31392ED64}"
	ProjectSection(SolutionItems) = preProject
		everest.yaml = everest.yaml
	EndProjectSection
EndProject
Global
	GlobalSection(SolutionConfigurationPlatforms) = preSolution
		Debug|Any CPU = Debug|Any CPU
		Release|Any CPU = Release|Any CPU
	EndGlobalSection
	GlobalSection(ProjectConfigurationPlatforms) = postSolution
		{AAB833E0-7BC1-49F9-9274-0B3C2E8B989F}.Debug|Any CPU.ActiveCfg = Debug|Any CPU
		{AAB833E0-7BC1-49F9-9274-0B3C2E8B989F}.Debug|Any CPU.Build.0 = Debug|Any CPU
		{AAB833E0-7BC1-49F9-9274-0B3C2E8B989F}.Release|Any CPU.ActiveCfg = Release|Any CPU
		{AAB833E0-7BC1-49F9-9274-0B3C2E8B989F}.Release|Any CPU.Build.0 = Release|Any CPU
	EndGlobalSection
	GlobalSection(SolutionProperties) = preSolution
		HideSolutionNode = FALSE
	EndGlobalSection
	GlobalSection(ExtensibilityGlobals) = postSolution
		SolutionGuid = {C6495D48-AE25-4B7B-BF9A-97A4CF004BB0}
	EndGlobalSection
EndGlobal
